// !$*UTF8*$!
{
	archiveVersion = 1;
	classes = {
	};
	objectVersion = 56;
	objects = {

/* Begin PBXBuildFile section */
		8CADB0362CED82C5005F21D3 /* RecipeSearchApp.swift in Sources */ = {isa = PBXBuildFile; fileRef = 8CADB0352CED82C5005F21D3 /* RecipeSearchApp.swift */; };
		8CADB0382CED82C5005F21D3 /* ContentView.swift in Sources */ = {isa = PBXBuildFile; fileRef = 8CADB0372CED82C5005F21D3 /* ContentView.swift */; };
		8CADB03A2CED82C7005F21D3 /* Assets.xcassets in Resources */ = {isa = PBXBuildFile; fileRef = 8CADB0392CED82C7005F21D3 /* Assets.xcassets */; };
		8CADB03D2CED82C7005F21D3 /* Preview Assets.xcassets in Resources */ = {isa = PBXBuildFile; fileRef = 8CADB03C2CED82C7005F21D3 /* Preview Assets.xcassets */; };
		8CADB0452CED8379005F21D3 /* RecipeProvider.swift in Sources */ = {isa = PBXBuildFile; fileRef = 8CADB0442CED8379005F21D3 /* RecipeProvider.swift */; };
		8CADB0472CED8389005F21D3 /* AlamofireRecipeProvider.swift in Sources */ = {isa = PBXBuildFile; fileRef = 8CADB0462CED8389005F21D3 /* AlamofireRecipeProvider.swift */; };
		8CADB0492CED839A005F21D3 /* URLSessionRecipeProvider.swift in Sources */ = {isa = PBXBuildFile; fileRef = 8CADB0482CED839A005F21D3 /* URLSessionRecipeProvider.swift */; };
		8CADB04B2CED8536005F21D3 /* RecipeModel.swift in Sources */ = {isa = PBXBuildFile; fileRef = 8CADB04A2CED8536005F21D3 /* RecipeModel.swift */; };
		8CADB04F2CED8936005F21D3 /* IngredientModel.swift in Sources */ = {isa = PBXBuildFile; fileRef = 8CADB04E2CED8936005F21D3 /* IngredientModel.swift */; };
		8CADB0512CED8956005F21D3 /* NutritionModel.swift in Sources */ = {isa = PBXBuildFile; fileRef = 8CADB0502CED8956005F21D3 /* NutritionModel.swift */; };
		8CADB0532CED8A69005F21D3 /* Cuisine.swift in Sources */ = {isa = PBXBuildFile; fileRef = 8CADB0522CED8A69005F21D3 /* Cuisine.swift */; };
		8CADB0562CED8F9A005F21D3 /* ProvidersConfig.swift in Sources */ = {isa = PBXBuildFile; fileRef = 8CADB0552CED8F9A005F21D3 /* ProvidersConfig.swift */; };
		8CADB0582CED90A6005F21D3 /* Errors.swift in Sources */ = {isa = PBXBuildFile; fileRef = 8CADB0572CED90A6005F21D3 /* Errors.swift */; };
		8CADB05B2CED9E29005F21D3 /* RecipeListView.swift in Sources */ = {isa = PBXBuildFile; fileRef = 8CADB05A2CED9E29005F21D3 /* RecipeListView.swift */; };
		8CADB05D2CEDB202005F21D3 /* RecipeDetailView.swift in Sources */ = {isa = PBXBuildFile; fileRef = 8CADB05C2CEDB202005F21D3 /* RecipeDetailView.swift */; };
		8CADB05F2CEDB6AD005F21D3 /* NutrientSection.swift in Sources */ = {isa = PBXBuildFile; fileRef = 8CADB05E2CEDB6AD005F21D3 /* NutrientSection.swift */; };
		8CADB0612CEDB705005F21D3 /* NutritionView.swift in Sources */ = {isa = PBXBuildFile; fileRef = 8CADB0602CEDB705005F21D3 /* NutritionView.swift */; };
		8CADB0632CEDB99C005F21D3 /* RecipeView.swift in Sources */ = {isa = PBXBuildFile; fileRef = 8CADB0622CEDB99C005F21D3 /* RecipeView.swift */; };
/* End PBXBuildFile section */

/* Begin PBXFileReference section */
		8CADB0322CED82C5005F21D3 /* RecipeSearch.app */ = {isa = PBXFileReference; explicitFileType = wrapper.application; includeInIndex = 0; path = RecipeSearch.app; sourceTree = BUILT_PRODUCTS_DIR; };
		8CADB0352CED82C5005F21D3 /* RecipeSearchApp.swift */ = {isa = PBXFileReference; lastKnownFileType = sourcecode.swift; path = RecipeSearchApp.swift; sourceTree = "<group>"; };
		8CADB0372CED82C5005F21D3 /* ContentView.swift */ = {isa = PBXFileReference; lastKnownFileType = sourcecode.swift; path = ContentView.swift; sourceTree = "<group>"; };
		8CADB0392CED82C7005F21D3 /* Assets.xcassets */ = {isa = PBXFileReference; lastKnownFileType = folder.assetcatalog; path = Assets.xcassets; sourceTree = "<group>"; };
		8CADB03C2CED82C7005F21D3 /* Preview Assets.xcassets */ = {isa = PBXFileReference; lastKnownFileType = folder.assetcatalog; path = "Preview Assets.xcassets"; sourceTree = "<group>"; };
		8CADB0442CED8379005F21D3 /* RecipeProvider.swift */ = {isa = PBXFileReference; lastKnownFileType = sourcecode.swift; path = RecipeProvider.swift; sourceTree = "<group>"; };
		8CADB0462CED8389005F21D3 /* AlamofireRecipeProvider.swift */ = {isa = PBXFileReference; lastKnownFileType = sourcecode.swift; path = AlamofireRecipeProvider.swift; sourceTree = "<group>"; };
		8CADB0482CED839A005F21D3 /* URLSessionRecipeProvider.swift */ = {isa = PBXFileReference; lastKnownFileType = sourcecode.swift; path = URLSessionRecipeProvider.swift; sourceTree = "<group>"; };
		8CADB04A2CED8536005F21D3 /* RecipeModel.swift */ = {isa = PBXFileReference; lastKnownFileType = sourcecode.swift; path = RecipeModel.swift; sourceTree = "<group>"; };
		8CADB04E2CED8936005F21D3 /* IngredientModel.swift */ = {isa = PBXFileReference; lastKnownFileType = sourcecode.swift; path = IngredientModel.swift; sourceTree = "<group>"; };
		8CADB0502CED8956005F21D3 /* NutritionModel.swift */ = {isa = PBXFileReference; lastKnownFileType = sourcecode.swift; path = NutritionModel.swift; sourceTree = "<group>"; };
		8CADB0522CED8A69005F21D3 /* Cuisine.swift */ = {isa = PBXFileReference; lastKnownFileType = sourcecode.swift; path = Cuisine.swift; sourceTree = "<group>"; };
		8CADB0552CED8F9A005F21D3 /* ProvidersConfig.swift */ = {isa = PBXFileReference; lastKnownFileType = sourcecode.swift; path = ProvidersConfig.swift; sourceTree = "<group>"; };
		8CADB0572CED90A6005F21D3 /* Errors.swift */ = {isa = PBXFileReference; lastKnownFileType = sourcecode.swift; path = Errors.swift; sourceTree = "<group>"; };
		8CADB05A2CED9E29005F21D3 /* RecipeListView.swift */ = {isa = PBXFileReference; lastKnownFileType = sourcecode.swift; path = RecipeListView.swift; sourceTree = "<group>"; };
		8CADB05C2CEDB202005F21D3 /* RecipeDetailView.swift */ = {isa = PBXFileReference; lastKnownFileType = sourcecode.swift; path = RecipeDetailView.swift; sourceTree = "<group>"; };
		8CADB05E2CEDB6AD005F21D3 /* NutrientSection.swift */ = {isa = PBXFileReference; lastKnownFileType = sourcecode.swift; path = NutrientSection.swift; sourceTree = "<group>"; };
		8CADB0602CEDB705005F21D3 /* NutritionView.swift */ = {isa = PBXFileReference; lastKnownFileType = sourcecode.swift; path = NutritionView.swift; sourceTree = "<group>"; };
		8CADB0622CEDB99C005F21D3 /* RecipeView.swift */ = {isa = PBXFileReference; lastKnownFileType = sourcecode.swift; path = RecipeView.swift; sourceTree = "<group>"; };
/* End PBXFileReference section */

/* Begin PBXFrameworksBuildPhase section */
		8CADB02F2CED82C5005F21D3 /* Frameworks */ = {
			isa = PBXFrameworksBuildPhase;
			buildActionMask = 2147483647;
			files = (
			);
			runOnlyForDeploymentPostprocessing = 0;
		};
/* End PBXFrameworksBuildPhase section */

/* Begin PBXGroup section */
		8CADB0292CED82C5005F21D3 = {
			isa = PBXGroup;
			children = (
				8CADB0342CED82C5005F21D3 /* RecipeSearch */,
				8CADB0332CED82C5005F21D3 /* Products */,
			);
			sourceTree = "<group>";
		};
		8CADB0332CED82C5005F21D3 /* Products */ = {
			isa = PBXGroup;
			children = (
				8CADB0322CED82C5005F21D3 /* RecipeSearch.app */,
			);
			name = Products;
			sourceTree = "<group>";
		};
		8CADB0342CED82C5005F21D3 /* RecipeSearch */ = {
			isa = PBXGroup;
			children = (
				8CADB0432CED8362005F21D3 /* Data */,
				8CADB0592CED9E10005F21D3 /* UI */,
				8CADB0352CED82C5005F21D3 /* RecipeSearchApp.swift */,
				8CADB0372CED82C5005F21D3 /* ContentView.swift */,
				8CADB0392CED82C7005F21D3 /* Assets.xcassets */,
				8CADB03B2CED82C7005F21D3 /* Preview Content */,
			);
			path = RecipeSearch;
			sourceTree = "<group>";
		};
		8CADB03B2CED82C7005F21D3 /* Preview Content */ = {
			isa = PBXGroup;
			children = (
				8CADB03C2CED82C7005F21D3 /* Preview Assets.xcassets */,
			);
			path = "Preview Content";
			sourceTree = "<group>";
		};
		8CADB0432CED8362005F21D3 /* Data */ = {
			isa = PBXGroup;
			children = (
				8CADB0572CED90A6005F21D3 /* Errors.swift */,
				8CADB0552CED8F9A005F21D3 /* ProvidersConfig.swift */,
				8CADB0542CED8F5B005F21D3 /* Recipe Providers */,
				8CADB04C2CED890F005F21D3 /* Models */,
			);
			path = Data;
			sourceTree = "<group>";
		};
		8CADB04C2CED890F005F21D3 /* Models */ = {
			isa = PBXGroup;
			children = (
				8CADB04A2CED8536005F21D3 /* RecipeModel.swift */,
				8CADB04E2CED8936005F21D3 /* IngredientModel.swift */,
				8CADB0502CED8956005F21D3 /* NutritionModel.swift */,
				8CADB0522CED8A69005F21D3 /* Cuisine.swift */,
			);
			path = Models;
			sourceTree = "<group>";
		};
		8CADB0542CED8F5B005F21D3 /* Recipe Providers */ = {
			isa = PBXGroup;
			children = (
				8CADB0442CED8379005F21D3 /* RecipeProvider.swift */,
				8CADB0462CED8389005F21D3 /* AlamofireRecipeProvider.swift */,
				8CADB0482CED839A005F21D3 /* URLSessionRecipeProvider.swift */,
			);
			path = "Recipe Providers";
			sourceTree = "<group>";
		};
		8CADB0592CED9E10005F21D3 /* UI */ = {
			isa = PBXGroup;
			children = (
				8CADB05A2CED9E29005F21D3 /* RecipeListView.swift */,
				8CADB0622CEDB99C005F21D3 /* RecipeView.swift */,
				8CADB05C2CEDB202005F21D3 /* RecipeDetailView.swift */,
				8CADB0602CEDB705005F21D3 /* NutritionView.swift */,
				8CADB05E2CEDB6AD005F21D3 /* NutrientSection.swift */,
			);
			path = UI;
			sourceTree = "<group>";
		};
/* End PBXGroup section */

/* Begin PBXNativeTarget section */
		8CADB0312CED82C5005F21D3 /* RecipeSearch */ = {
			isa = PBXNativeTarget;
			buildConfigurationList = 8CADB0402CED82C7005F21D3 /* Build configuration list for PBXNativeTarget "RecipeSearch" */;
			buildPhases = (
				8CADB02E2CED82C5005F21D3 /* Sources */,
				8CADB02F2CED82C5005F21D3 /* Frameworks */,
				8CADB0302CED82C5005F21D3 /* Resources */,
			);
			buildRules = (
			);
			dependencies = (
			);
			name = RecipeSearch;
			productName = RecipeSearch;
			productReference = 8CADB0322CED82C5005F21D3 /* RecipeSearch.app */;
			productType = "com.apple.product-type.application";
		};
/* End PBXNativeTarget section */

/* Begin PBXProject section */
		8CADB02A2CED82C5005F21D3 /* Project object */ = {
			isa = PBXProject;
			attributes = {
				BuildIndependentTargetsInParallel = 1;
				LastSwiftUpdateCheck = 1500;
				LastUpgradeCheck = 1500;
				TargetAttributes = {
					8CADB0312CED82C5005F21D3 = {
						CreatedOnToolsVersion = 15.0;
					};
				};
			};
			buildConfigurationList = 8CADB02D2CED82C5005F21D3 /* Build configuration list for PBXProject "RecipeSearch" */;
			compatibilityVersion = "Xcode 14.0";
			developmentRegion = en;
			hasScannedForEncodings = 0;
			knownRegions = (
				en,
				Base,
			);
			mainGroup = 8CADB0292CED82C5005F21D3;
			productRefGroup = 8CADB0332CED82C5005F21D3 /* Products */;
			projectDirPath = "";
			projectRoot = "";
			targets = (
				8CADB0312CED82C5005F21D3 /* RecipeSearch */,
			);
		};
/* End PBXProject section */

/* Begin PBXResourcesBuildPhase section */
		8CADB0302CED82C5005F21D3 /* Resources */ = {
			isa = PBXResourcesBuildPhase;
			buildActionMask = 2147483647;
			files = (
				8CADB03D2CED82C7005F21D3 /* Preview Assets.xcassets in Resources */,
				8CADB03A2CED82C7005F21D3 /* Assets.xcassets in Resources */,
			);
			runOnlyForDeploymentPostprocessing = 0;
		};
/* End PBXResourcesBuildPhase section */

/* Begin PBXSourcesBuildPhase section */
		8CADB02E2CED82C5005F21D3 /* Sources */ = {
			isa = PBXSourcesBuildPhase;
			buildActionMask = 2147483647;
			files = (
				8CADB05B2CED9E29005F21D3 /* RecipeListView.swift in Sources */,
				8CADB0532CED8A69005F21D3 /* Cuisine.swift in Sources */,
				8CADB04F2CED8936005F21D3 /* IngredientModel.swift in Sources */,
				8CADB0382CED82C5005F21D3 /* ContentView.swift in Sources */,
				8CADB0452CED8379005F21D3 /* RecipeProvider.swift in Sources */,
				8CADB0362CED82C5005F21D3 /* RecipeSearchApp.swift in Sources */,
				8CADB0472CED8389005F21D3 /* AlamofireRecipeProvider.swift in Sources */,
				8CADB0492CED839A005F21D3 /* URLSessionRecipeProvider.swift in Sources */,
				8CADB05F2CEDB6AD005F21D3 /* NutrientSection.swift in Sources */,
				8CADB0612CEDB705005F21D3 /* NutritionView.swift in Sources */,
				8CADB0582CED90A6005F21D3 /* Errors.swift in Sources */,
				8CADB0632CEDB99C005F21D3 /* RecipeView.swift in Sources */,
				8CADB0562CED8F9A005F21D3 /* ProvidersConfig.swift in Sources */,
				8CADB05D2CEDB202005F21D3 /* RecipeDetailView.swift in Sources */,
				8CADB04B2CED8536005F21D3 /* RecipeModel.swift in Sources */,
				8CADB0512CED8956005F21D3 /* NutritionModel.swift in Sources */,
			);
			runOnlyForDeploymentPostprocessing = 0;
		};
/* End PBXSourcesBuildPhase section */

/* Begin XCBuildConfiguration section */
		8CADB03E2CED82C7005F21D3 /* Debug */ = {
			isa = XCBuildConfiguration;
			buildSettings = {
				ALWAYS_SEARCH_USER_PATHS = NO;
				ASSETCATALOG_COMPILER_GENERATE_SWIFT_ASSET_SYMBOL_EXTENSIONS = YES;
				CLANG_ANALYZER_NONNULL = YES;
				CLANG_ANALYZER_NUMBER_OBJECT_CONVERSION = YES_AGGRESSIVE;
				CLANG_CXX_LANGUAGE_STANDARD = "gnu++20";
				CLANG_ENABLE_MODULES = YES;
				CLANG_ENABLE_OBJC_ARC = YES;
				CLANG_ENABLE_OBJC_WEAK = YES;
				CLANG_WARN_BLOCK_CAPTURE_AUTORELEASING = YES;
				CLANG_WARN_BOOL_CONVERSION = YES;
				CLANG_WARN_COMMA = YES;
				CLANG_WARN_CONSTANT_CONVERSION = YES;
				CLANG_WARN_DEPRECATED_OBJC_IMPLEMENTATIONS = YES;
				CLANG_WARN_DIRECT_OBJC_ISA_USAGE = YES_ERROR;
				CLANG_WARN_DOCUMENTATION_COMMENTS = YES;
				CLANG_WARN_EMPTY_BODY = YES;
				CLANG_WARN_ENUM_CONVERSION = YES;
				CLANG_WARN_INFINITE_RECURSION = YES;
				CLANG_WARN_INT_CONVERSION = YES;
				CLANG_WARN_NON_LITERAL_NULL_CONVERSION = YES;
				CLANG_WARN_OBJC_IMPLICIT_RETAIN_SELF = YES;
				CLANG_WARN_OBJC_LITERAL_CONVERSION = YES;
				CLANG_WARN_OBJC_ROOT_CLASS = YES_ERROR;
				CLANG_WARN_QUOTED_INCLUDE_IN_FRAMEWORK_HEADER = YES;
				CLANG_WARN_RANGE_LOOP_ANALYSIS = YES;
				CLANG_WARN_STRICT_PROTOTYPES = YES;
				CLANG_WARN_SUSPICIOUS_MOVE = YES;
				CLANG_WARN_UNGUARDED_AVAILABILITY = YES_AGGRESSIVE;
				CLANG_WARN_UNREACHABLE_CODE = YES;
				CLANG_WARN__DUPLICATE_METHOD_MATCH = YES;
				COPY_PHASE_STRIP = NO;
				DEBUG_INFORMATION_FORMAT = dwarf;
				ENABLE_STRICT_OBJC_MSGSEND = YES;
				ENABLE_TESTABILITY = YES;
				ENABLE_USER_SCRIPT_SANDBOXING = YES;
				GCC_C_LANGUAGE_STANDARD = gnu17;
				GCC_DYNAMIC_NO_PIC = NO;
				GCC_NO_COMMON_BLOCKS = YES;
				GCC_OPTIMIZATION_LEVEL = 0;
				GCC_PREPROCESSOR_DEFINITIONS = (
					"DEBUG=1",
					"$(inherited)",
				);
				GCC_WARN_64_TO_32_BIT_CONVERSION = YES;
				GCC_WARN_ABOUT_RETURN_TYPE = YES_ERROR;
				GCC_WARN_UNDECLARED_SELECTOR = YES;
				GCC_WARN_UNINITIALIZED_AUTOS = YES_AGGRESSIVE;
				GCC_WARN_UNUSED_FUNCTION = YES;
				GCC_WARN_UNUSED_VARIABLE = YES;
				IPHONEOS_DEPLOYMENT_TARGET = 17.0;
				LOCALIZATION_PREFERS_STRING_CATALOGS = YES;
				MTL_ENABLE_DEBUG_INFO = INCLUDE_SOURCE;
				MTL_FAST_MATH = YES;
				ONLY_ACTIVE_ARCH = YES;
				SDKROOT = iphoneos;
				SWIFT_ACTIVE_COMPILATION_CONDITIONS = "DEBUG $(inherited)";
				SWIFT_OPTIMIZATION_LEVEL = "-Onone";
			};
			name = Debug;
		};
		8CADB03F2CED82C7005F21D3 /* Release */ = {
			isa = XCBuildConfiguration;
			buildSettings = {
				ALWAYS_SEARCH_USER_PATHS = NO;
				ASSETCATALOG_COMPILER_GENERATE_SWIFT_ASSET_SYMBOL_EXTENSIONS = YES;
				CLANG_ANALYZER_NONNULL = YES;
				CLANG_ANALYZER_NUMBER_OBJECT_CONVERSION = YES_AGGRESSIVE;
				CLANG_CXX_LANGUAGE_STANDARD = "gnu++20";
				CLANG_ENABLE_MODULES = YES;
				CLANG_ENABLE_OBJC_ARC = YES;
				CLANG_ENABLE_OBJC_WEAK = YES;
				CLANG_WARN_BLOCK_CAPTURE_AUTORELEASING = YES;
				CLANG_WARN_BOOL_CONVERSION = YES;
				CLANG_WARN_COMMA = YES;
				CLANG_WARN_CONSTANT_CONVERSION = YES;
				CLANG_WARN_DEPRECATED_OBJC_IMPLEMENTATIONS = YES;
				CLANG_WARN_DIRECT_OBJC_ISA_USAGE = YES_ERROR;
				CLANG_WARN_DOCUMENTATION_COMMENTS = YES;
				CLANG_WARN_EMPTY_BODY = YES;
				CLANG_WARN_ENUM_CONVERSION = YES;
				CLANG_WARN_INFINITE_RECURSION = YES;
				CLANG_WARN_INT_CONVERSION = YES;
				CLANG_WARN_NON_LITERAL_NULL_CONVERSION = YES;
				CLANG_WARN_OBJC_IMPLICIT_RETAIN_SELF = YES;
				CLANG_WARN_OBJC_LITERAL_CONVERSION = YES;
				CLANG_WARN_OBJC_ROOT_CLASS = YES_ERROR;
				CLANG_WARN_QUOTED_INCLUDE_IN_FRAMEWORK_HEADER = YES;
				CLANG_WARN_RANGE_LOOP_ANALYSIS = YES;
				CLANG_WARN_STRICT_PROTOTYPES = YES;
				CLANG_WARN_SUSPICIOUS_MOVE = YES;
				CLANG_WARN_UNGUARDED_AVAILABILITY = YES_AGGRESSIVE;
				CLANG_WARN_UNREACHABLE_CODE = YES;
				CLANG_WARN__DUPLICATE_METHOD_MATCH = YES;
				COPY_PHASE_STRIP = NO;
				DEBUG_INFORMATION_FORMAT = "dwarf-with-dsym";
				ENABLE_NS_ASSERTIONS = NO;
				ENABLE_STRICT_OBJC_MSGSEND = YES;
				ENABLE_USER_SCRIPT_SANDBOXING = YES;
				GCC_C_LANGUAGE_STANDARD = gnu17;
				GCC_NO_COMMON_BLOCKS = YES;
				GCC_WARN_64_TO_32_BIT_CONVERSION = YES;
				GCC_WARN_ABOUT_RETURN_TYPE = YES_ERROR;
				GCC_WARN_UNDECLARED_SELECTOR = YES;
				GCC_WARN_UNINITIALIZED_AUTOS = YES_AGGRESSIVE;
				GCC_WARN_UNUSED_FUNCTION = YES;
				GCC_WARN_UNUSED_VARIABLE = YES;
				IPHONEOS_DEPLOYMENT_TARGET = 17.0;
				LOCALIZATION_PREFERS_STRING_CATALOGS = YES;
				MTL_ENABLE_DEBUG_INFO = NO;
				MTL_FAST_MATH = YES;
				SDKROOT = iphoneos;
				SWIFT_COMPILATION_MODE = wholemodule;
				VALIDATE_PRODUCT = YES;
			};
			name = Release;
		};
		8CADB0412CED82C7005F21D3 /* Debug */ = {
			isa = XCBuildConfiguration;
			buildSettings = {
				ASSETCATALOG_COMPILER_APPICON_NAME = AppIcon;
				ASSETCATALOG_COMPILER_GLOBAL_ACCENT_COLOR_NAME = AccentColor;
				CODE_SIGN_STYLE = Automatic;
				CURRENT_PROJECT_VERSION = 1;
				DEVELOPMENT_ASSET_PATHS = "\"RecipeSearch/Preview Content\"";
				DEVELOPMENT_TEAM = D85QWSUNYA;
				ENABLE_PREVIEWS = YES;
				GENERATE_INFOPLIST_FILE = YES;
				INFOPLIST_KEY_UIApplicationSceneManifest_Generation = YES;
				INFOPLIST_KEY_UIApplicationSupportsIndirectInputEvents = YES;
				INFOPLIST_KEY_UILaunchScreen_Generation = YES;
				INFOPLIST_KEY_UISupportedInterfaceOrientations_iPad = "UIInterfaceOrientationPortrait UIInterfaceOrientationPortraitUpsideDown UIInterfaceOrientationLandscapeLeft UIInterfaceOrientationLandscapeRight";
				INFOPLIST_KEY_UISupportedInterfaceOrientations_iPhone = "UIInterfaceOrientationPortrait UIInterfaceOrientationLandscapeLeft UIInterfaceOrientationLandscapeRight";
				LD_RUNPATH_SEARCH_PATHS = (
					"$(inherited)",
					"@executable_path/Frameworks",
				);
				MARKETING_VERSION = 1.0;
				PRODUCT_BUNDLE_IDENTIFIER = "ua.edu.ukma.apple-env.verkhohliad.RecipeSearch";
				PRODUCT_NAME = "$(TARGET_NAME)";
				SWIFT_EMIT_LOC_STRINGS = YES;
				SWIFT_VERSION = 5.0;
				TARGETED_DEVICE_FAMILY = "1,2";
			};
			name = Debug;
		};
		8CADB0422CED82C7005F21D3 /* Release */ = {
			isa = XCBuildConfiguration;
			buildSettings = {
				ASSETCATALOG_COMPILER_APPICON_NAME = AppIcon;
				ASSETCATALOG_COMPILER_GLOBAL_ACCENT_COLOR_NAME = AccentColor;
				CODE_SIGN_STYLE = Automatic;
				CURRENT_PROJECT_VERSION = 1;
				DEVELOPMENT_ASSET_PATHS = "\"RecipeSearch/Preview Content\"";
				DEVELOPMENT_TEAM = D85QWSUNYA;
				ENABLE_PREVIEWS = YES;
				GENERATE_INFOPLIST_FILE = YES;
				INFOPLIST_KEY_UIApplicationSceneManifest_Generation = YES;
				INFOPLIST_KEY_UIApplicationSupportsIndirectInputEvents = YES;
				INFOPLIST_KEY_UILaunchScreen_Generation = YES;
				INFOPLIST_KEY_UISupportedInterfaceOrientations_iPad = "UIInterfaceOrientationPortrait UIInterfaceOrientationPortraitUpsideDown UIInterfaceOrientationLandscapeLeft UIInterfaceOrientationLandscapeRight";
				INFOPLIST_KEY_UISupportedInterfaceOrientations_iPhone = "UIInterfaceOrientationPortrait UIInterfaceOrientationLandscapeLeft UIInterfaceOrientationLandscapeRight";
				LD_RUNPATH_SEARCH_PATHS = (
					"$(inherited)",
					"@executable_path/Frameworks",
				);
				MARKETING_VERSION = 1.0;
				PRODUCT_BUNDLE_IDENTIFIER = "ua.edu.ukma.apple-env.verkhohliad.RecipeSearch";
				PRODUCT_NAME = "$(TARGET_NAME)";
				SWIFT_EMIT_LOC_STRINGS = YES;
				SWIFT_VERSION = 5.0;
				TARGETED_DEVICE_FAMILY = "1,2";
			};
			name = Release;
		};
/* End XCBuildConfiguration section */

/* Begin XCConfigurationList section */
		8CADB02D2CED82C5005F21D3 /* Build configuration list for PBXProject "RecipeSearch" */ = {
			isa = XCConfigurationList;
			buildConfigurations = (
				8CADB03E2CED82C7005F21D3 /* Debug */,
				8CADB03F2CED82C7005F21D3 /* Release */,
			);
			defaultConfigurationIsVisible = 0;
			defaultConfigurationName = Release;
		};
		8CADB0402CED82C7005F21D3 /* Build configuration list for PBXNativeTarget "RecipeSearch" */ = {
			isa = XCConfigurationList;
			buildConfigurations = (
				8CADB0412CED82C7005F21D3 /* Debug */,
				8CADB0422CED82C7005F21D3 /* Release */,
			);
			defaultConfigurationIsVisible = 0;
			defaultConfigurationName = Release;
		};
/* End XCConfigurationList section */
	};
	rootObject = 8CADB02A2CED82C5005F21D3 /* Project object */;
}
